// !$*UTF8*$!
{
	archiveVersion = 1;
	classes = {
	};
	objectVersion = 50;
	objects = {

/* Begin PBXBuildFile section */
		9BF3944B2814C01500BB22EA /* AppDelegate.swift in Sources */ = {isa = PBXBuildFile; fileRef = 9BF3944A2814C01500BB22EA /* AppDelegate.swift */; };
		9BF3944D2814C01500BB22EA /* SceneDelegate.swift in Sources */ = {isa = PBXBuildFile; fileRef = 9BF3944C2814C01500BB22EA /* SceneDelegate.swift */; };
		9BF3944F2814C01500BB22EA /* ViewController.swift in Sources */ = {isa = PBXBuildFile; fileRef = 9BF3944E2814C01500BB22EA /* ViewController.swift */; };
		9BF394522814C01500BB22EA /* Main.storyboard in Resources */ = {isa = PBXBuildFile; fileRef = 9BF394502814C01500BB22EA /* Main.storyboard */; };
		9BF394542814C01800BB22EA /* Assets.xcassets in Resources */ = {isa = PBXBuildFile; fileRef = 9BF394532814C01800BB22EA /* Assets.xcassets */; };
		9BF394572814C01800BB22EA /* LaunchScreen.storyboard in Resources */ = {isa = PBXBuildFile; fileRef = 9BF394552814C01800BB22EA /* LaunchScreen.storyboard */; };
		9BF394612814C09700BB22EA /* DaysTableViewCell.swift in Sources */ = {isa = PBXBuildFile; fileRef = 9BF394602814C09700BB22EA /* DaysTableViewCell.swift */; };
		9BF394632814C35000BB22EA /* Model.swift in Sources */ = {isa = PBXBuildFile; fileRef = 9BF394622814C35000BB22EA /* Model.swift */; };
		9BF394652814D0F400BB22EA /* Network.swift in Sources */ = {isa = PBXBuildFile; fileRef = 9BF394642814D0F400BB22EA /* Network.swift */; };
/* End PBXBuildFile section */

/* Begin PBXFileReference section */
		9BF394472814C01500BB22EA /* WeatherForecast2.app */ = {isa = PBXFileReference; explicitFileType = wrapper.application; includeInIndex = 0; path = WeatherForecast2.app; sourceTree = BUILT_PRODUCTS_DIR; };
		9BF3944A2814C01500BB22EA /* AppDelegate.swift */ = {isa = PBXFileReference; lastKnownFileType = sourcecode.swift; path = AppDelegate.swift; sourceTree = "<group>"; };
		9BF3944C2814C01500BB22EA /* SceneDelegate.swift */ = {isa = PBXFileReference; lastKnownFileType = sourcecode.swift; path = SceneDelegate.swift; sourceTree = "<group>"; };
		9BF3944E2814C01500BB22EA /* ViewController.swift */ = {isa = PBXFileReference; lastKnownFileType = sourcecode.swift; path = ViewController.swift; sourceTree = "<group>"; };
		9BF394512814C01500BB22EA /* Base */ = {isa = PBXFileReference; lastKnownFileType = file.storyboard; name = Base; path = Base.lproj/Main.storyboard; sourceTree = "<group>"; };
		9BF394532814C01800BB22EA /* Assets.xcassets */ = {isa = PBXFileReference; lastKnownFileType = folder.assetcatalog; path = Assets.xcassets; sourceTree = "<group>"; };
		9BF394562814C01800BB22EA /* Base */ = {isa = PBXFileReference; lastKnownFileType = file.storyboard; name = Base; path = Base.lproj/LaunchScreen.storyboard; sourceTree = "<group>"; };
		9BF394582814C01800BB22EA /* Info.plist */ = {isa = PBXFileReference; lastKnownFileType = text.plist.xml; path = Info.plist; sourceTree = "<group>"; };
		9BF394602814C09700BB22EA /* DaysTableViewCell.swift */ = {isa = PBXFileReference; lastKnownFileType = sourcecode.swift; path = DaysTableViewCell.swift; sourceTree = "<group>"; };
		9BF394622814C35000BB22EA /* Model.swift */ = {isa = PBXFileReference; lastKnownFileType = sourcecode.swift; path = Model.swift; sourceTree = "<group>"; };
		9BF394642814D0F400BB22EA /* Network.swift */ = {isa = PBXFileReference; lastKnownFileType = sourcecode.swift; path = Network.swift; sourceTree = "<group>"; };
/* End PBXFileReference section */

/* Begin PBXFrameworksBuildPhase section */
		9BF394442814C01500BB22EA /* Frameworks */ = {
			isa = PBXFrameworksBuildPhase;
			buildActionMask = 2147483647;
			files = (
			);
			runOnlyForDeploymentPostprocessing = 0;
		};
/* End PBXFrameworksBuildPhase section */

/* Begin PBXGroup section */
		9BF3943E2814C01500BB22EA = {
			isa = PBXGroup;
			children = (
				9BF394492814C01500BB22EA /* WeatherForecast2 */,
				9BF394482814C01500BB22EA /* Products */,
			);
			sourceTree = "<group>";
		};
		9BF394482814C01500BB22EA /* Products */ = {
			isa = PBXGroup;
			children = (
				9BF394472814C01500BB22EA /* WeatherForecast2.app */,
			);
			name = Products;
			sourceTree = "<group>";
		};
		9BF394492814C01500BB22EA /* WeatherForecast2 */ = {
			isa = PBXGroup;
			children = (
				9BF3944A2814C01500BB22EA /* AppDelegate.swift */,
				9BF3944C2814C01500BB22EA /* SceneDelegate.swift */,
				9BF3944E2814C01500BB22EA /* ViewController.swift */,
				9BF394502814C01500BB22EA /* Main.storyboard */,
				9BF394532814C01800BB22EA /* Assets.xcassets */,
				9BF394552814C01800BB22EA /* LaunchScreen.storyboard */,
				9BF394582814C01800BB22EA /* Info.plist */,
				9BF394602814C09700BB22EA /* DaysTableViewCell.swift */,
				9BF394622814C35000BB22EA /* Model.swift */,
				9BF394642814D0F400BB22EA /* Network.swift */,
			);
			path = WeatherForecast2;
			sourceTree = "<group>";
		};
/* End PBXGroup section */

/* Begin PBXNativeTarget section */
		9BF394462814C01500BB22EA /* WeatherForecast2 */ = {
			isa = PBXNativeTarget;
			buildConfigurationList = 9BF3945B2814C01800BB22EA /* Build configuration list for PBXNativeTarget "WeatherForecast2" */;
			buildPhases = (
				9BF394432814C01500BB22EA /* Sources */,
				9BF394442814C01500BB22EA /* Frameworks */,
				9BF394452814C01500BB22EA /* Resources */,
			);
			buildRules = (
			);
			dependencies = (
			);
			name = WeatherForecast2;
			productName = WeatherForecast2;
			productReference = 9BF394472814C01500BB22EA /* WeatherForecast2.app */;
			productType = "com.apple.product-type.application";
		};
/* End PBXNativeTarget section */

/* Begin PBXProject section */
		9BF3943F2814C01500BB22EA /* Project object */ = {
			isa = PBXProject;
			attributes = {
				LastSwiftUpdateCheck = 1140;
				LastUpgradeCheck = 1140;
				ORGANIZATIONNAME = "NourAllah Ahmed";
				TargetAttributes = {
					9BF394462814C01500BB22EA = {
						CreatedOnToolsVersion = 11.4;
					};
				};
			};
			buildConfigurationList = 9BF394422814C01500BB22EA /* Build configuration list for PBXProject "WeatherForecast2" */;
			compatibilityVersion = "Xcode 9.3";
			developmentRegion = en;
			hasScannedForEncodings = 0;
			knownRegions = (
				en,
				Base,
			);
			mainGroup = 9BF3943E2814C01500BB22EA;
			productRefGroup = 9BF394482814C01500BB22EA /* Products */;
			projectDirPath = "";
			projectRoot = "";
			targets = (
				9BF394462814C01500BB22EA /* WeatherForecast2 */,
			);
		};
/* End PBXProject section */

/* Begin PBXResourcesBuildPhase section */
		9BF394452814C01500BB22EA /* Resources */ = {
			isa = PBXResourcesBuildPhase;
			buildActionMask = 2147483647;
			files = (
				9BF394572814C01800BB22EA /* LaunchScreen.storyboard in Resources */,
				9BF394542814C01800BB22EA /* Assets.xcassets in Resources */,
				9BF394522814C01500BB22EA /* Main.storyboard in Resources */,
			);
			runOnlyForDeploymentPostprocessing = 0;
		};
/* End PBXResourcesBuildPhase section */

/* Begin PBXSourcesBuildPhase section */
		9BF394432814C01500BB22EA /* Sources */ = {
			isa = PBXSourcesBuildPhase;
			buildActionMask = 2147483647;
			files = (
				9BF394632814C35000BB22EA /* Model.swift in Sources */,
				9BF3944F2814C01500BB22EA /* ViewController.swift in Sources */,
				9BF394652814D0F400BB22EA /* Network.swift in Sources */,
				9BF3944B2814C01500BB22EA /* AppDelegate.swift in Sources */,
				9BF394612814C09700BB22EA /* DaysTableViewCell.swift in Sources */,
				9BF3944D2814C01500BB22EA /* SceneDelegate.swift in Sources */,
			);
			runOnlyForDeploymentPostprocessing = 0;
		};
/* End PBXSourcesBuildPhase section */

/* Begin PBXVariantGroup section */
		9BF394502814C01500BB22EA /* Main.storyboard */ = {
			isa = PBXVariantGroup;
			children = (
				9BF394512814C01500BB22EA /* Base */,
			);
			name = Main.storyboard;
			sourceTree = "<group>";
		};
		9BF394552814C01800BB22EA /* LaunchScreen.storyboard */ = {
			isa = PBXVariantGroup;
			children = (
				9BF394562814C01800BB22EA /* Base */,
			);
			name = LaunchScreen.storyboard;
			sourceTree = "<group>";
		};
/* End PBXVariantGroup section */

/* Begin XCBuildConfiguration section */
		9BF394592814C01800BB22EA /* Debug */ = {
			isa = XCBuildConfiguration;
			buildSettings = {
				ALWAYS_SEARCH_USER_PATHS = NO;
				CLANG_ANALYZER_NONNULL = YES;
				CLANG_ANALYZER_NUMBER_OBJECT_CONVERSION = YES_AGGRESSIVE;
				CLANG_CXX_LANGUAGE_STANDARD = "gnu++14";
				CLANG_CXX_LIBRARY = "libc++";
				CLANG_ENABLE_MODULES = YES;
				CLANG_ENABLE_OBJC_ARC = YES;
				CLANG_ENABLE_OBJC_WEAK = YES;
				CLANG_WARN_BLOCK_CAPTURE_AUTORELEASING = YES;
				CLANG_WARN_BOOL_CONVERSION = YES;
				CLANG_WARN_COMMA = YES;
				CLANG_WARN_CONSTANT_CONVERSION = YES;
				CLANG_WARN_DEPRECATED_OBJC_IMPLEMENTATIONS = YES;
				CLANG_WARN_DIRECT_OBJC_ISA_USAGE = YES_ERROR;
				CLANG_WARN_DOCUMENTATION_COMMENTS = YES;
				CLANG_WARN_EMPTY_BODY = YES;
				CLANG_WARN_ENUM_CONVERSION = YES;
				CLANG_WARN_INFINITE_RECURSION = YES;
				CLANG_WARN_INT_CONVERSION = YES;
				CLANG_WARN_NON_LITERAL_NULL_CONVERSION = YES;
				CLANG_WARN_OBJC_IMPLICIT_RETAIN_SELF = YES;
				CLANG_WARN_OBJC_LITERAL_CONVERSION = YES;
				CLANG_WARN_OBJC_ROOT_CLASS = YES_ERROR;
				CLANG_WARN_RANGE_LOOP_ANALYSIS = YES;
				CLANG_WARN_STRICT_PROTOTYPES = YES;
				CLANG_WARN_SUSPICIOUS_MOVE = YES;
				CLANG_WARN_UNGUARDED_AVAILABILITY = YES_AGGRESSIVE;
				CLANG_WARN_UNREACHABLE_CODE = YES;
				CLANG_WARN__DUPLICATE_METHOD_MATCH = YES;
				COPY_PHASE_STRIP = NO;
				DEBUG_INFORMATION_FORMAT = dwarf;
				ENABLE_STRICT_OBJC_MSGSEND = YES;
				ENABLE_TESTABILITY = YES;
				GCC_C_LANGUAGE_STANDARD = gnu11;
				GCC_DYNAMIC_NO_PIC = NO;
				GCC_NO_COMMON_BLOCKS = YES;
				GCC_OPTIMIZATION_LEVEL = 0;
				GCC_PREPROCESSOR_DEFINITIONS = (
					"DEBUG=1",
					"$(inherited)",
				);
				GCC_WARN_64_TO_32_BIT_CONVERSION = YES;
				GCC_WARN_ABOUT_RETURN_TYPE = YES_ERROR;
				GCC_WARN_UNDECLARED_SELECTOR = YES;
				GCC_WARN_UNINITIALIZED_AUTOS = YES_AGGRESSIVE;
				GCC_WARN_UNUSED_FUNCTION = YES;
				GCC_WARN_UNUSED_VARIABLE = YES;
				IPHONEOS_DEPLOYMENT_TARGET = 13.4;
				MTL_ENABLE_DEBUG_INFO = INCLUDE_SOURCE;
				MTL_FAST_MATH = YES;
				ONLY_ACTIVE_ARCH = YES;
				SDKROOT = iphoneos;
				SWIFT_ACTIVE_COMPILATION_CONDITIONS = DEBUG;
				SWIFT_OPTIMIZATION_LEVEL = "-Onone";
			};
			name = Debug;
		};
		9BF3945A2814C01800BB22EA /* Release */ = {
			isa = XCBuildConfiguration;
			buildSettings = {
				ALWAYS_SEARCH_USER_PATHS = NO;
				CLANG_ANALYZER_NONNULL = YES;
				CLANG_ANALYZER_NUMBER_OBJECT_CONVERSION = YES_AGGRESSIVE;
				CLANG_CXX_LANGUAGE_STANDARD = "gnu++14";
				CLANG_CXX_LIBRARY = "libc++";
				CLANG_ENABLE_MODULES = YES;
				CLANG_ENABLE_OBJC_ARC = YES;
				CLANG_ENABLE_OBJC_WEAK = YES;
				CLANG_WARN_BLOCK_CAPTURE_AUTORELEASING = YES;
				CLANG_WARN_BOOL_CONVERSION = YES;
				CLANG_WARN_COMMA = YES;
				CLANG_WARN_CONSTANT_CONVERSION = YES;
				CLANG_WARN_DEPRECATED_OBJC_IMPLEMENTATIONS = YES;
				CLANG_WARN_DIRECT_OBJC_ISA_USAGE = YES_ERROR;
				CLANG_WARN_DOCUMENTATION_COMMENTS = YES;
				CLANG_WARN_EMPTY_BODY = YES;
				CLANG_WARN_ENUM_CONVERSION = YES;
				CLANG_WARN_INFINITE_RECURSION = YES;
				CLANG_WARN_INT_CONVERSION = YES;
				CLANG_WARN_NON_LITERAL_NULL_CONVERSION = YES;
				CLANG_WARN_OBJC_IMPLICIT_RETAIN_SELF = YES;
				CLANG_WARN_OBJC_LITERAL_CONVERSION = YES;
				CLANG_WARN_OBJC_ROOT_CLASS = YES_ERROR;
				CLANG_WARN_RANGE_LOOP_ANALYSIS = YES;
				CLANG_WARN_STRICT_PROTOTYPES = YES;
				CLANG_WARN_SUSPICIOUS_MOVE = YES;
				CLANG_WARN_UNGUARDED_AVAILABILITY = YES_AGGRESSIVE;
				CLANG_WARN_UNREACHABLE_CODE = YES;
				CLANG_WARN__DUPLICATE_METHOD_MATCH = YES;
				COPY_PHASE_STRIP = NO;
				DEBUG_INFORMATION_FORMAT = "dwarf-with-dsym";
				ENABLE_NS_ASSERTIONS = NO;
				ENABLE_STRICT_OBJC_MSGSEND = YES;
				GCC_C_LANGUAGE_STANDARD = gnu11;
				GCC_NO_COMMON_BLOCKS = YES;
				GCC_WARN_64_TO_32_BIT_CONVERSION = YES;
				GCC_WARN_ABOUT_RETURN_TYPE = YES_ERROR;
				GCC_WARN_UNDECLARED_SELECTOR = YES;
				GCC_WARN_UNINITIALIZED_AUTOS = YES_AGGRESSIVE;
				GCC_WARN_UNUSED_FUNCTION = YES;
				GCC_WARN_UNUSED_VARIABLE = YES;
				IPHONEOS_DEPLOYMENT_TARGET = 13.4;
				MTL_ENABLE_DEBUG_INFO = NO;
				MTL_FAST_MATH = YES;
				SDKROOT = iphoneos;
				SWIFT_COMPILATION_MODE = wholemodule;
				SWIFT_OPTIMIZATION_LEVEL = "-O";
				VALIDATE_PRODUCT = YES;
			};
			name = Release;
		};
		9BF3945C2814C01800BB22EA /* Debug */ = {
			isa = XCBuildConfiguration;
			buildSettings = {
				ASSETCATALOG_COMPILER_APPICON_NAME = AppIcon;
				CODE_SIGN_STYLE = Automatic;
				INFOPLIST_FILE = WeatherForecast2/Info.plist;
				LD_RUNPATH_SEARCH_PATHS = (
					"$(inherited)",
					"@executable_path/Frameworks",
				);
				PRODUCT_BUNDLE_IDENTIFIER = Iti.WeatherForecast2;
				PRODUCT_NAME = "$(TARGET_NAME)";
				SWIFT_VERSION = 5.0;
				TARGETED_DEVICE_FAMILY = "1,2";
			};
			name = Debug;
		};
		9BF3945D2814C01800BB22EA /* Release */ = {
			isa = XCBuildConfiguration;
			buildSettings = {
				ASSETCATALOG_COMPILER_APPICON_NAME = AppIcon;
				CODE_SIGN_STYLE = Automatic;
				INFOPLIST_FILE = WeatherForecast2/Info.plist;
				LD_RUNPATH_SEARCH_PATHS = (
					"$(inherited)",
					"@executable_path/Frameworks",
				);
				PRODUCT_BUNDLE_IDENTIFIER = Iti.WeatherForecast2;
				PRODUCT_NAME = "$(TARGET_NAME)";
				SWIFT_VERSION = 5.0;
				TARGETED_DEVICE_FAMILY = "1,2";
			};
			name = Release;
		};
/* End XCBuildConfiguration section */

/* Begin XCConfigurationList section */
		9BF394422814C01500BB22EA /* Build configuration list for PBXProject "WeatherForecast2" */ = {
			isa = XCConfigurationList;
			buildConfigurations = (
				9BF394592814C01800BB22EA /* Debug */,
				9BF3945A2814C01800BB22EA /* Release */,
			);
			defaultConfigurationIsVisible = 0;
			defaultConfigurationName = Release;
		};
		9BF3945B2814C01800BB22EA /* Build configuration list for PBXNativeTarget "WeatherForecast2" */ = {
			isa = XCConfigurationList;
			buildConfigurations = (
				9BF3945C2814C01800BB22EA /* Debug */,
				9BF3945D2814C01800BB22EA /* Release */,
			);
			defaultConfigurationIsVisible = 0;
			defaultConfigurationName = Release;
		};
/* End XCConfigurationList section */
	};
	rootObject = 9BF3943F2814C01500BB22EA /* Project object */;
}
